
Microsoft Visual Studio Solution File, Format Version 12.00
# Visual Studio Version 17
VisualStudioVersion = 17.14.36414.22
MinimumVisualStudioVersion = 10.0.40219.1
Project("{FAE04EC0-301F-11D3-BF4B-00C04F79EFBC}") = "EjemploColecciones", "EjemploColecciones\EjemploColecciones.csproj", "{4968EE7A-6F30-41F5-854B-E8DFADF08C90}"
EndProject
Project("{FAE04EC0-301F-11D3-BF4B-00C04F79EFBC}") = "EjemploColeccionesGenericas", "EjemploColeccionesGenericas\EjemploColeccionesGenericas.csproj", "{44D0197B-D883-48FB-9E42-62CE8C6EEF03}"
EndProject
Global
	GlobalSection(SolutionConfigurationPlatforms) = preSolution
		Debug|Any CPU = Debug|Any CPU
		Release|Any CPU = Release|Any CPU
	EndGlobalSection
	GlobalSection(ProjectConfigurationPlatforms) = postSolution
		{4968EE7A-6F30-41F5-854B-E8DFADF08C90}.Debug|Any CPU.ActiveCfg = Debug|Any CPU
		{4968EE7A-6F30-41F5-854B-E8DFADF08C90}.Debug|Any CPU.Build.0 = Debug|Any CPU
		{4968EE7A-6F30-41F5-854B-E8DFADF08C90}.Release|Any CPU.ActiveCfg = Release|Any CPU
		{4968EE7A-6F30-41F5-854B-E8DFADF08C90}.Release|Any CPU.Build.0 = Release|Any CPU
		{44D0197B-D883-48FB-9E42-62CE8C6EEF03}.Debug|Any CPU.ActiveCfg = Debug|Any CPU
		{44D0197B-D883-48FB-9E42-62CE8C6EEF03}.Debug|Any CPU.Build.0 = Debug|Any CPU
		{44D0197B-D883-48FB-9E42-62CE8C6EEF03}.Release|Any CPU.ActiveCfg = Release|Any CPU
		{44D0197B-D883-48FB-9E42-62CE8C6EEF03}.Release|Any CPU.Build.0 = Release|Any CPU
	EndGlobalSection
	GlobalSection(SolutionProperties) = preSolution
		HideSolutionNode = FALSE
	EndGlobalSection
	GlobalSection(ExtensibilityGlobals) = postSolution
		SolutionGuid = {7F9E4B44-1AA6-4342-A71F-6B4B7128570E}
	EndGlobalSection
EndGlobal
